
Microsoft Visual Studio Solution File, Format Version 12.00
# Visual Studio Version 17
VisualStudioVersion = 17.8.34525.116
MinimumVisualStudioVersion = 10.0.40219.1
Project("{FAE04EC0-301F-11D3-BF4B-00C04F79EFBC}") = "HW-4 - Adapter", "HW-4 - Adapter\HW-4 - Adapter.csproj", "{B7168C16-DA8E-4C1B-B3A9-B3517F6F1BE1}"
EndProject
Global
	GlobalSection(SolutionConfigurationPlatforms) = preSolution
		Debug|Any CPU = Debug|Any CPU
		Release|Any CPU = Release|Any CPU
	EndGlobalSection
	GlobalSection(ProjectConfigurationPlatforms) = postSolution
		{B7168C16-DA8E-4C1B-B3A9-B3517F6F1BE1}.Debug|Any CPU.ActiveCfg = Debug|Any CPU
		{B7168C16-DA8E-4C1B-B3A9-B3517F6F1BE1}.Debug|Any CPU.Build.0 = Debug|Any CPU
		{B7168C16-DA8E-4C1B-B3A9-B3517F6F1BE1}.Release|Any CPU.ActiveCfg = Release|Any CPU
		{B7168C16-DA8E-4C1B-B3A9-B3517F6F1BE1}.Release|Any CPU.Build.0 = Release|Any CPU
	EndGlobalSection
	GlobalSection(SolutionProperties) = preSolution
		HideSolutionNode = FALSE
	EndGlobalSection
	GlobalSection(ExtensibilityGlobals) = postSolution
		SolutionGuid = {57956B45-D2A9-491E-9678-5F9075021EB2}
	EndGlobalSection
EndGlobal
